{
  "requires": true,
  "lockfileVersion": 1,
  "dependencies": {
    "classnames": {
      "version": "2.3.1",
      "resolved": "https://registry.npmjs.org/classnames/-/classnames-2.3.1.tgz",
      "integrity": "sha512-OlQdbZ7gLfGarSqxesMesDa5uz7KFbID8Kpq/SxIoNGDqY8lSYs0D+hhtBXhcdB3rcbXArFr7vlHheLk1voeNA=="
    },
    "goober": {
      "version": "2.0.43",
      "resolved": "https://registry.npmjs.org/goober/-/goober-2.0.43.tgz",
      "integrity": "sha512-xXrS0EyblOQb2Isn9CO9XyG9f0MXThbbj0I66SYr3fyyM80/R6XHqjBxHBkl0KbTSdFgng9lQyP6m0AD90iwdA=="
    },
    "react-hot-toast": {
      "version": "2.1.1",
      "resolved": "https://registry.npmjs.org/react-hot-toast/-/react-hot-toast-2.1.1.tgz",
      "integrity": "sha512-Odrp4wue0fHh0pOfZt5H+9nWCMtqs3wdlFSzZPp7qsxfzmbE26QmGWIh6hG43CukiPeOjA8WQhBJU8JwtWvWbQ==",
      "requires": {
        "goober": "^2.0.35"
      }
    },
    "react-icons": {
      "version": "4.3.1",
      "resolved": "https://registry.npmjs.org/react-icons/-/react-icons-4.3.1.tgz",
      "integrity": "sha512-cB10MXLTs3gVuXimblAdI71jrJx8njrJZmNMEMC+sQu5B/BIOmlsAjskdqpn81y8UBVEGuHODd7/ci5DvoSzTQ=="
    }
  }
}
